
Microsoft Visual Studio Solution File, Format Version 12.00
# Visual Studio 15
VisualStudioVersion = 15.0.28307.757
MinimumVisualStudioVersion = 10.0.40219.1
Project("{FAE04EC0-301F-11D3-BF4B-00C04F79EFBC}") = "Webserver_using_tcp", "Webserver_using_tcp\Webserver_using_tcp.csproj", "{348E1042-D183-4118-846A-5DBDFF1CEFD0}"
EndProject
Global
	GlobalSection(SolutionConfigurationPlatforms) = preSolution
		Debug|Any CPU = Debug|Any CPU
		Release|Any CPU = Release|Any CPU
	EndGlobalSection
	GlobalSection(ProjectConfigurationPlatforms) = postSolution
		{348E1042-D183-4118-846A-5DBDFF1CEFD0}.Debug|Any CPU.ActiveCfg = Debug|Any CPU
		{348E1042-D183-4118-846A-5DBDFF1CEFD0}.Debug|Any CPU.Build.0 = Debug|Any CPU
		{348E1042-D183-4118-846A-5DBDFF1CEFD0}.Release|Any CPU.ActiveCfg = Release|Any CPU
		{348E1042-D183-4118-846A-5DBDFF1CEFD0}.Release|Any CPU.Build.0 = Release|Any CPU
	EndGlobalSection
	GlobalSection(SolutionProperties) = preSolution
		HideSolutionNode = FALSE
	EndGlobalSection
	GlobalSection(ExtensibilityGlobals) = postSolution
		SolutionGuid = {1BD59AAB-E330-4054-8A2C-C01735505EDA}
	EndGlobalSection
EndGlobal
